
Microsoft Visual Studio Solution File, Format Version 12.00
# Visual Studio Version 17
VisualStudioVersion = 17.0.31903.59
MinimumVisualStudioVersion = 10.0.40219.1
Project("{9A19103F-16F7-4668-BE54-9A1E7A4F7556}") = "CSharp", "CSharp\CSharp.csproj", "{E1C55846-3CCD-4E8F-84C0-5FA398DD086C}"
EndProject
Project("{6EC3EE1D-3C4E-46DD-8F32-0CC8E7565705}") = "FSharp", "FSharp\FSharp.fsproj", "{67010A9A-8E70-43C6-9EFF-0043893B2D4C}"
EndProject
Project("{2150E333-8FDC-42A3-9474-1A3956D46DE8}") = "Solution Items", "Solution Items", "{3C326979-56DA-4778-8180-85F9CE13EFA6}"
	ProjectSection(SolutionItems) = preProject
		.editorconfig = .editorconfig
		.gitignore = .gitignore
		LICENSE = LICENSE
		README.md = README.md
	EndProjectSection
EndProject
Project("{2150E333-8FDC-42A3-9474-1A3956D46DE8}") = "Test", "Test", "{28693869-54E4-4800-924A-BAC20C668888}"
EndProject
Project("{6EC3EE1D-3C4E-46DD-8F32-0CC8E7565705}") = "TestConsole", "TestConsole\TestConsole.fsproj", "{469FB695-0151-4D2B-904C-9D1485A28174}"
EndProject
Global
	GlobalSection(SolutionConfigurationPlatforms) = preSolution
		Debug|Any CPU = Debug|Any CPU
		Release|Any CPU = Release|Any CPU
	EndGlobalSection
	GlobalSection(ProjectConfigurationPlatforms) = postSolution
		{E1C55846-3CCD-4E8F-84C0-5FA398DD086C}.Debug|Any CPU.ActiveCfg = Debug|Any CPU
		{E1C55846-3CCD-4E8F-84C0-5FA398DD086C}.Debug|Any CPU.Build.0 = Debug|Any CPU
		{E1C55846-3CCD-4E8F-84C0-5FA398DD086C}.Release|Any CPU.ActiveCfg = Release|Any CPU
		{E1C55846-3CCD-4E8F-84C0-5FA398DD086C}.Release|Any CPU.Build.0 = Release|Any CPU
		{67010A9A-8E70-43C6-9EFF-0043893B2D4C}.Debug|Any CPU.ActiveCfg = Debug|Any CPU
		{67010A9A-8E70-43C6-9EFF-0043893B2D4C}.Debug|Any CPU.Build.0 = Debug|Any CPU
		{67010A9A-8E70-43C6-9EFF-0043893B2D4C}.Release|Any CPU.ActiveCfg = Release|Any CPU
		{67010A9A-8E70-43C6-9EFF-0043893B2D4C}.Release|Any CPU.Build.0 = Release|Any CPU
		{469FB695-0151-4D2B-904C-9D1485A28174}.Debug|Any CPU.ActiveCfg = Debug|Any CPU
		{469FB695-0151-4D2B-904C-9D1485A28174}.Debug|Any CPU.Build.0 = Debug|Any CPU
		{469FB695-0151-4D2B-904C-9D1485A28174}.Release|Any CPU.ActiveCfg = Release|Any CPU
		{469FB695-0151-4D2B-904C-9D1485A28174}.Release|Any CPU.Build.0 = Release|Any CPU
	EndGlobalSection
	GlobalSection(SolutionProperties) = preSolution
		HideSolutionNode = FALSE
	EndGlobalSection
	GlobalSection(NestedProjects) = preSolution
		{469FB695-0151-4D2B-904C-9D1485A28174} = {28693869-54E4-4800-924A-BAC20C668888}
	EndGlobalSection
	GlobalSection(ExtensibilityGlobals) = postSolution
		SolutionGuid = {B93AE5DB-8A02-4D3D-B15D-6577EEB1B1C4}
	EndGlobalSection
EndGlobal
